// !$*UTF8*$!
{
	archiveVersion = 1;
	classes = {
	};
	objectVersion = 46;
	objects = {

/* Begin PBXBuildFile section */
		5782F5EF19B29F9600340D60 /* AppDelegate.swift in Sources */ = {isa = PBXBuildFile; fileRef = 5782F5EE19B29F9600340D60 /* AppDelegate.swift */; };
		5782F5F119B29F9600340D60 /* ViewController.swift in Sources */ = {isa = PBXBuildFile; fileRef = 5782F5F019B29F9600340D60 /* ViewController.swift */; };
		5782F5F419B29F9600340D60 /* Main.storyboard in Resources */ = {isa = PBXBuildFile; fileRef = 5782F5F219B29F9600340D60 /* Main.storyboard */; };
		5782F5F619B29F9600340D60 /* Images.xcassets in Resources */ = {isa = PBXBuildFile; fileRef = 5782F5F519B29F9600340D60 /* Images.xcassets */; };
		5782F60219B29F9600340D60 /* tipsTests.swift in Sources */ = {isa = PBXBuildFile; fileRef = 5782F60119B29F9600340D60 /* tipsTests.swift */; };
		5782F60C19B2D4B200340D60 /* SettingsViewController.swift in Sources */ = {isa = PBXBuildFile; fileRef = 5782F60B19B2D4B200340D60 /* SettingsViewController.swift */; };
/* End PBXBuildFile section */

/* Begin PBXContainerItemProxy section */
		5782F5FC19B29F9600340D60 /* PBXContainerItemProxy */ = {
			isa = PBXContainerItemProxy;
			containerPortal = 5782F5E119B29F9600340D60 /* Project object */;
			proxyType = 1;
			remoteGlobalIDString = 5782F5E819B29F9600340D60;
			remoteInfo = tips;
		};
/* End PBXContainerItemProxy section */

/* Begin PBXFileReference section */
		5782F5E919B29F9600340D60 /* tips.app */ = {isa = PBXFileReference; explicitFileType = wrapper.application; includeInIndex = 0; path = tips.app; sourceTree = BUILT_PRODUCTS_DIR; };
		5782F5ED19B29F9600340D60 /* Info.plist */ = {isa = PBXFileReference; lastKnownFileType = text.plist.xml; path = Info.plist; sourceTree = "<group>"; };
		5782F5EE19B29F9600340D60 /* AppDelegate.swift */ = {isa = PBXFileReference; lastKnownFileType = sourcecode.swift; path = AppDelegate.swift; sourceTree = "<group>"; };
		5782F5F019B29F9600340D60 /* ViewController.swift */ = {isa = PBXFileReference; lastKnownFileType = sourcecode.swift; path = ViewController.swift; sourceTree = "<group>"; };
		5782F5F319B29F9600340D60 /* Base */ = {isa = PBXFileReference; lastKnownFileType = file.storyboard; name = Base; path = Base.lproj/Main.storyboard; sourceTree = "<group>"; };
		5782F5F519B29F9600340D60 /* Images.xcassets */ = {isa = PBXFileReference; lastKnownFileType = folder.assetcatalog; path = Images.xcassets; sourceTree = "<group>"; };
		5782F5FB19B29F9600340D60 /* tipsTests.xctest */ = {isa = PBXFileReference; explicitFileType = wrapper.cfbundle; includeInIndex = 0; path = tipsTests.xctest; sourceTree = BUILT_PRODUCTS_DIR; };
		5782F60019B29F9600340D60 /* Info.plist */ = {isa = PBXFileReference; lastKnownFileType = text.plist.xml; path = Info.plist; sourceTree = "<group>"; };
		5782F60119B29F9600340D60 /* tipsTests.swift */ = {isa = PBXFileReference; lastKnownFileType = sourcecode.swift; path = tipsTests.swift; sourceTree = "<group>"; };
		5782F60B19B2D4B200340D60 /* SettingsViewController.swift */ = {isa = PBXFileReference; fileEncoding = 4; lastKnownFileType = sourcecode.swift; path = SettingsViewController.swift; sourceTree = "<group>"; };
/* End PBXFileReference section */

/* Begin PBXFrameworksBuildPhase section */
		5782F5E619B29F9600340D60 /* Frameworks */ = {
			isa = PBXFrameworksBuildPhase;
			buildActionMask = 2147483647;
			files = (
			);
			runOnlyForDeploymentPostprocessing = 0;
		};
		5782F5F819B29F9600340D60 /* Frameworks */ = {
			isa = PBXFrameworksBuildPhase;
			buildActionMask = 2147483647;
			files = (
			);
			runOnlyForDeploymentPostprocessing = 0;
		};
/* End PBXFrameworksBuildPhase section */

/* Begin PBXGroup section */
		5782F5E019B29F9600340D60 = {
			isa = PBXGroup;
			children = (
				5782F5EB19B29F9600340D60 /* tips */,
				5782F5FE19B29F9600340D60 /* tipsTests */,
				5782F5EA19B29F9600340D60 /* Products */,
			);
			sourceTree = "<group>";
		};
		5782F5EA19B29F9600340D60 /* Products */ = {
			isa = PBXGroup;
			children = (
				5782F5E919B29F9600340D60 /* tips.app */,
				5782F5FB19B29F9600340D60 /* tipsTests.xctest */,
			);
			name = Products;
			sourceTree = "<group>";
		};
		5782F5EB19B29F9600340D60 /* tips */ = {
			isa = PBXGroup;
			children = (
				5782F60D19B2D4C000340D60 /* ViewControllers */,
				5782F5EE19B29F9600340D60 /* AppDelegate.swift */,
				5782F5F019B29F9600340D60 /* ViewController.swift */,
				5782F5F219B29F9600340D60 /* Main.storyboard */,
				5782F5F519B29F9600340D60 /* Images.xcassets */,
				5782F5EC19B29F9600340D60 /* Supporting Files */,
			);
			path = tips;
			sourceTree = "<group>";
		};
		5782F5EC19B29F9600340D60 /* Supporting Files */ = {
			isa = PBXGroup;
			children = (
				5782F5ED19B29F9600340D60 /* Info.plist */,
			);
			name = "Supporting Files";
			sourceTree = "<group>";
		};
		5782F5FE19B29F9600340D60 /* tipsTests */ = {
			isa = PBXGroup;
			children = (
				5782F60119B29F9600340D60 /* tipsTests.swift */,
				5782F5FF19B29F9600340D60 /* Supporting Files */,
			);
			path = tipsTests;
			sourceTree = "<group>";
		};
		5782F5FF19B29F9600340D60 /* Supporting Files */ = {
			isa = PBXGroup;
			children = (
				5782F60019B29F9600340D60 /* Info.plist */,
			);
			name = "Supporting Files";
			sourceTree = "<group>";
		};
		5782F60D19B2D4C000340D60 /* ViewControllers */ = {
			isa = PBXGroup;
			children = (
				5782F60B19B2D4B200340D60 /* SettingsViewController.swift */,
			);
			name = ViewControllers;
			sourceTree = "<group>";
		};
/* End PBXGroup section */

/* Begin PBXNativeTarget section */
		5782F5E819B29F9600340D60 /* tips */ = {
			isa = PBXNativeTarget;
			buildConfigurationList = 5782F60519B29F9600340D60 /* Build configuration list for PBXNativeTarget "tips" */;
			buildPhases = (
				5782F5E519B29F9600340D60 /* Sources */,
				5782F5E619B29F9600340D60 /* Frameworks */,
				5782F5E719B29F9600340D60 /* Resources */,
			);
			buildRules = (
			);
			dependencies = (
			);
			name = tips;
			productName = tips;
			productReference = 5782F5E919B29F9600340D60 /* tips.app */;
			productType = "com.apple.product-type.application";
		};
		5782F5FA19B29F9600340D60 /* tipsTests */ = {
			isa = PBXNativeTarget;
			buildConfigurationList = 5782F60819B29F9600340D60 /* Build configuration list for PBXNativeTarget "tipsTests" */;
			buildPhases = (
				5782F5F719B29F9600340D60 /* Sources */,
				5782F5F819B29F9600340D60 /* Frameworks */,
				5782F5F919B29F9600340D60 /* Resources */,
			);
			buildRules = (
			);
			dependencies = (
				5782F5FD19B29F9600340D60 /* PBXTargetDependency */,
			);
			name = tipsTests;
			productName = tipsTests;
			productReference = 5782F5FB19B29F9600340D60 /* tipsTests.xctest */;
			productType = "com.apple.product-type.bundle.unit-test";
		};
/* End PBXNativeTarget section */

/* Begin PBXProject section */
		5782F5E119B29F9600340D60 /* Project object */ = {
			isa = PBXProject;
			attributes = {
				LastUpgradeCheck = 0600;
				ORGANIZATIONNAME = "Alex Choi";
				TargetAttributes = {
					5782F5E819B29F9600340D60 = {
						CreatedOnToolsVersion = 6.0;
					};
					5782F5FA19B29F9600340D60 = {
						CreatedOnToolsVersion = 6.0;
						TestTargetID = 5782F5E819B29F9600340D60;
					};
				};
			};
			buildConfigurationList = 5782F5E419B29F9600340D60 /* Build configuration list for PBXProject "tips" */;
			compatibilityVersion = "Xcode 3.2";
			developmentRegion = English;
			hasScannedForEncodings = 0;
			knownRegions = (
				en,
				Base,
			);
			mainGroup = 5782F5E019B29F9600340D60;
			productRefGroup = 5782F5EA19B29F9600340D60 /* Products */;
			projectDirPath = "";
			projectRoot = "";
			targets = (
				5782F5E819B29F9600340D60 /* tips */,
				5782F5FA19B29F9600340D60 /* tipsTests */,
			);
		};
/* End PBXProject section */

/* Begin PBXResourcesBuildPhase section */
		5782F5E719B29F9600340D60 /* Resources */ = {
			isa = PBXResourcesBuildPhase;
			buildActionMask = 2147483647;
			files = (
				5782F5F419B29F9600340D60 /* Main.storyboard in Resources */,
				5782F5F619B29F9600340D60 /* Images.xcassets in Resources */,
			);
			runOnlyForDeploymentPostprocessing = 0;
		};
		5782F5F919B29F9600340D60 /* Resources */ = {
			isa = PBXResourcesBuildPhase;
			buildActionMask = 2147483647;
			files = (
			);
			runOnlyForDeploymentPostprocessing = 0;
		};
/* End PBXResourcesBuildPhase section */

/* Begin PBXSourcesBuildPhase section */
		5782F5E519B29F9600340D60 /* Sources */ = {
			isa = PBXSourcesBuildPhase;
			buildActionMask = 2147483647;
			files = (
				5782F5F119B29F9600340D60 /* ViewController.swift in Sources */,
				5782F5EF19B29F9600340D60 /* AppDelegate.swift in Sources */,
				5782F60C19B2D4B200340D60 /* SettingsViewController.swift in Sources */,
			);
			runOnlyForDeploymentPostprocessing = 0;
		};
		5782F5F719B29F9600340D60 /* Sources */ = {
			isa = PBXSourcesBuildPhase;
			buildActionMask = 2147483647;
			files = (
				5782F60219B29F9600340D60 /* tipsTests.swift in Sources */,
			);
			runOnlyForDeploymentPostprocessing = 0;
		};
/* End PBXSourcesBuildPhase section */

/* Begin PBXTargetDependency section */
		5782F5FD19B29F9600340D60 /* PBXTargetDependency */ = {
			isa = PBXTargetDependency;
			target = 5782F5E819B29F9600340D60 /* tips */;
			targetProxy = 5782F5FC19B29F9600340D60 /* PBXContainerItemProxy */;
		};
/* End PBXTargetDependency section */

/* Begin PBXVariantGroup section */
		5782F5F219B29F9600340D60 /* Main.storyboard */ = {
			isa = PBXVariantGroup;
			children = (
				5782F5F319B29F9600340D60 /* Base */,
			);
			name = Main.storyboard;
			sourceTree = "<group>";
		};
/* End PBXVariantGroup section */

/* Begin XCBuildConfiguration section */
		5782F60319B29F9600340D60 /* Debug */ = {
			isa = XCBuildConfiguration;
			buildSettings = {
				ALWAYS_SEARCH_USER_PATHS = NO;
				CLANG_CXX_LANGUAGE_STANDARD = "gnu++0x";
				CLANG_CXX_LIBRARY = "libc++";
				CLANG_ENABLE_MODULES = YES;
				CLANG_ENABLE_OBJC_ARC = YES;
				CLANG_WARN_BOOL_CONVERSION = YES;
				CLANG_WARN_CONSTANT_CONVERSION = YES;
				CLANG_WARN_DIRECT_OBJC_ISA_USAGE = YES_ERROR;
				CLANG_WARN_EMPTY_BODY = YES;
				CLANG_WARN_ENUM_CONVERSION = YES;
				CLANG_WARN_INT_CONVERSION = YES;
				CLANG_WARN_OBJC_ROOT_CLASS = YES_ERROR;
				CLANG_WARN_UNREACHABLE_CODE = YES;
				CLANG_WARN__DUPLICATE_METHOD_MATCH = YES;
				"CODE_SIGN_IDENTITY[sdk=iphoneos*]" = "iPhone Developer";
				COPY_PHASE_STRIP = NO;
				ENABLE_STRICT_OBJC_MSGSEND = YES;
				GCC_C_LANGUAGE_STANDARD = gnu99;
				GCC_DYNAMIC_NO_PIC = NO;
				GCC_OPTIMIZATION_LEVEL = 0;
				GCC_PREPROCESSOR_DEFINITIONS = (
					"DEBUG=1",
					"$(inherited)",
				);
				GCC_SYMBOLS_PRIVATE_EXTERN = NO;
				GCC_WARN_64_TO_32_BIT_CONVERSION = YES;
				GCC_WARN_ABOUT_RETURN_TYPE = YES_ERROR;
				GCC_WARN_UNDECLARED_SELECTOR = YES;
				GCC_WARN_UNINITIALIZED_AUTOS = YES_AGGRESSIVE;
				GCC_WARN_UNUSED_FUNCTION = YES;
				GCC_WARN_UNUSED_VARIABLE = YES;
				IPHONEOS_DEPLOYMENT_TARGET = 8.0;
				MTL_ENABLE_DEBUG_INFO = YES;
				ONLY_ACTIVE_ARCH = YES;
				SDKROOT = iphoneos;
				SWIFT_OPTIMIZATION_LEVEL = "-Onone";
				TARGETED_DEVICE_FAMILY = "1,2";
			};
			name = Debug;
		};
		5782F60419B29F9600340D60 /* Release */ = {
			isa = XCBuildConfiguration;
			buildSettings = {
				ALWAYS_SEARCH_USER_PATHS = NO;
				CLANG_CXX_LANGUAGE_STANDARD = "gnu++0x";
				CLANG_CXX_LIBRARY = "libc++";
				CLANG_ENABLE_MODULES = YES;
				CLANG_ENABLE_OBJC_ARC = YES;
				CLANG_WARN_BOOL_CONVERSION = YES;
				CLANG_WARN_CONSTANT_CONVERSION = YES;
				CLANG_WARN_DIRECT_OBJC_ISA_USAGE = YES_ERROR;
				CLANG_WARN_EMPTY_BODY = YES;
				CLANG_WARN_ENUM_CONVERSION = YES;
				CLANG_WARN_INT_CONVERSION = YES;
				CLANG_WARN_OBJC_ROOT_CLASS = YES_ERROR;
				CLANG_WARN_UNREACHABLE_CODE = YES;
				CLANG_WARN__DUPLICATE_METHOD_MATCH = YES;
				"CODE_SIGN_IDENTITY[sdk=iphoneos*]" = "iPhone Developer";
				COPY_PHASE_STRIP = YES;
				ENABLE_NS_ASSERTIONS = NO;
				ENABLE_STRICT_OBJC_MSGSEND = YES;
				GCC_C_LANGUAGE_STANDARD = gnu99;
				GCC_WARN_64_TO_32_BIT_CONVERSION = YES;
				GCC_WARN_ABOUT_RETURN_TYPE = YES_ERROR;
				GCC_WARN_UNDECLARED_SELECTOR = YES;
				GCC_WARN_UNINITIALIZED_AUTOS = YES_AGGRESSIVE;
				GCC_WARN_UNUSED_FUNCTION = YES;
				GCC_WARN_UNUSED_VARIABLE = YES;
				IPHONEOS_DEPLOYMENT_TARGET = 8.0;
				MTL_ENABLE_DEBUG_INFO = NO;
				SDKROOT = iphoneos;
				TARGETED_DEVICE_FAMILY = "1,2";
				VALIDATE_PRODUCT = YES;
			};
			name = Release;
		};
		5782F60619B29F9600340D60 /* Debug */ = {
			isa = XCBuildConfiguration;
			buildSettings = {
				ASSETCATALOG_COMPILER_APPICON_NAME = AppIcon;
				ASSETCATALOG_COMPILER_LAUNCHIMAGE_NAME = LaunchImage;
				INFOPLIST_FILE = tips/Info.plist;
				LD_RUNPATH_SEARCH_PATHS = "$(inherited) @executable_path/Frameworks";
				PRODUCT_NAME = "$(TARGET_NAME)";
			};
			name = Debug;
		};
		5782F60719B29F9600340D60 /* Release */ = {
			isa = XCBuildConfiguration;
			buildSettings = {
				ASSETCATALOG_COMPILER_APPICON_NAME = AppIcon;
				ASSETCATALOG_COMPILER_LAUNCHIMAGE_NAME = LaunchImage;
				INFOPLIST_FILE = tips/Info.plist;
				LD_RUNPATH_SEARCH_PATHS = "$(inherited) @executable_path/Frameworks";
				PRODUCT_NAME = "$(TARGET_NAME)";
			};
			name = Release;
		};
		5782F60919B29F9600340D60 /* Debug */ = {
			isa = XCBuildConfiguration;
			buildSettings = {
				BUNDLE_LOADER = "$(TEST_HOST)";
				FRAMEWORK_SEARCH_PATHS = (
					"$(SDKROOT)/Developer/Library/Frameworks",
					"$(inherited)",
				);
				GCC_PREPROCESSOR_DEFINITIONS = (
					"DEBUG=1",
					"$(inherited)",
				);
				INFOPLIST_FILE = tipsTests/Info.plist;
				LD_RUNPATH_SEARCH_PATHS = "$(inherited) @executable_path/Frameworks @loader_path/Frameworks";
				PRODUCT_NAME = "$(TARGET_NAME)";
				TEST_HOST = "$(BUILT_PRODUCTS_DIR)/tips.app/tips";
			};
			name = Debug;
		};
		5782F60A19B29F9600340D60 /* Release */ = {
			isa = XCBuildConfiguration;
			buildSettings = {
				BUNDLE_LOADER = "$(TEST_HOST)";
				FRAMEWORK_SEARCH_PATHS = (
					"$(SDKROOT)/Developer/Library/Frameworks",
					"$(inherited)",
				);
				INFOPLIST_FILE = tipsTests/Info.plist;
				LD_RUNPATH_SEARCH_PATHS = "$(inherited) @executable_path/Frameworks @loader_path/Frameworks";
				PRODUCT_NAME = "$(TARGET_NAME)";
				TEST_HOST = "$(BUILT_PRODUCTS_DIR)/tips.app/tips";
			};
			name = Release;
		};
/* End XCBuildConfiguration section */

/* Begin XCConfigurationList section */
		5782F5E419B29F9600340D60 /* Build configuration list for PBXProject "tips" */ = {
			isa = XCConfigurationList;
			buildConfigurations = (
				5782F60319B29F9600340D60 /* Debug */,
				5782F60419B29F9600340D60 /* Release */,
			);
			defaultConfigurationIsVisible = 0;
			defaultConfigurationName = Release;
		};
		5782F60519B29F9600340D60 /* Build configuration list for PBXNativeTarget "tips" */ = {
			isa = XCConfigurationList;
			buildConfigurations = (
				5782F60619B29F9600340D60 /* Debug */,
				5782F60719B29F9600340D60 /* Release */,
			);
			defaultConfigurationIsVisible = 0;
		};
		5782F60819B29F9600340D60 /* Build configuration list for PBXNativeTarget "tipsTests" */ = {
			isa = XCConfigurationList;
			buildConfigurations = (
				5782F60919B29F9600340D60 /* Debug */,
				5782F60A19B29F9600340D60 /* Release */,
			);
			defaultConfigurationIsVisible = 0;
		};
/* End XCConfigurationList section */
	};
	rootObject = 5782F5E119B29F9600340D60 /* Project object */;
}
